{
  "name": "local_scan",
  "version": "0.0.1",
  "lockfileVersion": 1,
  "requires": true,
  "dependencies": {
    "wakeonlan": {
      "version": "0.1.0",
      "resolved": "https://registry.npmjs.org/wakeonlan/-/wakeonlan-0.1.0.tgz",
      "integrity": "sha1-t55zu6hNfSjZo1eV7wILnuzDKiU="
    }
  }
}
